
Microsoft Visual Studio Solution File, Format Version 12.00
# Visual Studio Version 16
VisualStudioVersion = 16.0.30523.141
MinimumVisualStudioVersion = 10.0.40219.1
Project("{FAE04EC0-301F-11D3-BF4B-00C04F79EFBC}") = "REST_HTTP-based plain-text Webservices", "REST_HTTP-based plain-text Webservices\REST_HTTP-based plain-text Webservices.csproj", "{9EB1741D-D952-4BF8-B067-6CFC9E7B15F0}"
EndProject
Global
	GlobalSection(SolutionConfigurationPlatforms) = preSolution
		Debug|Any CPU = Debug|Any CPU
		Release|Any CPU = Release|Any CPU
	EndGlobalSection
	GlobalSection(ProjectConfigurationPlatforms) = postSolution
		{9EB1741D-D952-4BF8-B067-6CFC9E7B15F0}.Debug|Any CPU.ActiveCfg = Debug|Any CPU
		{9EB1741D-D952-4BF8-B067-6CFC9E7B15F0}.Debug|Any CPU.Build.0 = Debug|Any CPU
		{9EB1741D-D952-4BF8-B067-6CFC9E7B15F0}.Release|Any CPU.ActiveCfg = Release|Any CPU
		{9EB1741D-D952-4BF8-B067-6CFC9E7B15F0}.Release|Any CPU.Build.0 = Release|Any CPU
	EndGlobalSection
	GlobalSection(SolutionProperties) = preSolution
		HideSolutionNode = FALSE
	EndGlobalSection
	GlobalSection(ExtensibilityGlobals) = postSolution
		SolutionGuid = {505ECD5B-C277-441E-A845-A2C9F372860E}
	EndGlobalSection
EndGlobal
